
Microsoft Visual Studio Solution File, Format Version 12.00
# Visual Studio Version 17
VisualStudioVersion = 17.5.002.0
MinimumVisualStudioVersion = 10.0.40219.1
Project("{9A19103F-16F7-4668-BE54-9A1E7A4F7556}") = "codes", "codes.csproj", "{20FB43FC-1222-4C30-897C-46B731ECEED9}"
EndProject
Global
	GlobalSection(SolutionConfigurationPlatforms) = preSolution
		Debug|Any CPU = Debug|Any CPU
		Release|Any CPU = Release|Any CPU
	EndGlobalSection
	GlobalSection(ProjectConfigurationPlatforms) = postSolution
		{20FB43FC-1222-4C30-897C-46B731ECEED9}.Debug|Any CPU.ActiveCfg = Debug|Any CPU
		{20FB43FC-1222-4C30-897C-46B731ECEED9}.Debug|Any CPU.Build.0 = Debug|Any CPU
		{20FB43FC-1222-4C30-897C-46B731ECEED9}.Release|Any CPU.ActiveCfg = Release|Any CPU
		{20FB43FC-1222-4C30-897C-46B731ECEED9}.Release|Any CPU.Build.0 = Release|Any CPU
	EndGlobalSection
	GlobalSection(SolutionProperties) = preSolution
		HideSolutionNode = FALSE
	EndGlobalSection
	GlobalSection(ExtensibilityGlobals) = postSolution
		SolutionGuid = {B101D366-65BB-4B93-83C5-11482778BAE0}
	EndGlobalSection
EndGlobal
